version = 1
revision = 3
requires-python = ">=3.11"

[[package]]
name = "antlr4-python3-runtime"
version = "4.13.2"
source = { registry = "https://pypi.org/simple" }
sdist = { url = "https://files.pythonhosted.org/packages/33/5f/2cdf6f7aca3b20d3f316e9f505292e1f256a32089bd702034c29ebde6242/antlr4_python3_runtime-4.13.2.tar.gz", hash = "sha256:909b647e1d2fc2b70180ac586df3933e38919c85f98ccc656a96cd3f25ef3916", size = 117467, upload-time = "2024-08-03T19:00:12.757Z" }
wheels = [
    { url = "https://files.pythonhosted.org/packages/89/03/a851e84fcbb85214dc637b6378121ef9a0dd61b4c65264675d8a5c9b1ae7/antlr4_python3_runtime-4.13.2-py3-none-any.whl", hash = "sha256:fe3835eb8d33daece0e799090eda89719dbccee7aa39ef94eed3818cafa5a7e8", size = 144462, upload-time = "2024-08-03T19:00:11.134Z" },
]

[[package]]
name = "colorama"
version = "0.4.6"
source = { registry = "https://pypi.org/simple" }
sdist = { url = "https://files.pythonhosted.org/packages/d8/53/6f443c9a4a8358a93a6792e2acffb9d9d5cb0a5cfd8802644b7b1c9a02e4/colorama-0.4.6.tar.gz", hash = "sha256:08695f5cb7ed6e0531a20572697297273c47b8cae5a63ffc6d6ed5c201be6e44", size = 27697, upload-time = "2022-10-25T02:36:22.414Z" }
wheels = [
    { url = "https://files.pythonhosted.org/packages/d1/d6/3965ed04c63042e047cb6a3e6ed1a63a35087b6a609aa3a15ed8ac56c221/colorama-0.4.6-py2.py3-none-any.whl", hash = "sha256:4f1d9991f5acc0ca119f9d443620b77f9d6b33703e51011c16baf57afb285fc6", size = 25335, upload-time = "2022-10-25T02:36:20.889Z" },
]

[[package]]
name = "hyprform"
version = "1.0.0"
source = { editable = "." }
dependencies = [
    { name = "luaparser" },
    { name = "pygobject" },
]

[package.dev-dependencies]
dev = [
    { name = "pytest" },
]

[package.metadata]
requires-dist = [
    { name = "luaparser", specifier = ">=4.1" },
    { name = "pygobject", specifier = ">=3.50" },
]

[package.metadata.requires-dev]
dev = [{ name = "pytest", specifier = ">=8.0" }]

[[package]]
name = "iniconfig"
version = "2.3.0"
source = { registry = "https://pypi.org/simple" }
sdist = { url = "https://files.pythonhosted.org/packages/72/34/14ca021ce8e5dfedc35312d08ba8bf51fdd999c576889fc2c24cb97f4f10/iniconfig-2.3.0.tar.gz", hash = "sha256:c76315c77db068650d49c5b56314774a7804df16fee4402c1f19d6d15d8c4730", size = 20503, upload-time = "2025-10-18T21:55:43.219Z" }
wheels = [
    { url = "https://files.pythonhosted.org/packages/cb/b1/3846dd7f199d53cb17f49cba7e651e9ce294d8497c8c150530ed11865bb8/iniconfig-2.3.0-py3-none-any.whl", hash = "sha256:f631c04d2c48c52b84d0d0549c99ff3859c98df65b3101406327ecc7d53fbf12", size = 7484, upload-time = "2025-10-18T21:55:41.639Z" },
]

[[package]]
name = "luaparser"
version = "4.1.0"
source = { registry = "https://pypi.org/simple" }
dependencies = [
    { name = "antlr4-python3-runtime" },
    { name = "multimethod" },
]
sdist = { url = "https://files.pythonhosted.org/packages/f2/52/a59f072b51c9e9ab5b62e43f31e062b603ebe2464165a4b809e7b105185e/luaparser-4.1.0.tar.gz", hash = "sha256:0e791e73d88f8a34674d2954758c253d3c034541e16c1f51f33bcb411d6ad286", size = 59909, upload-time = "2026-07-20T20:32:45.291Z" }
wheels = [
    { url = "https://files.pythonhosted.org/packages/3e/bb/bd367992b74895ed50234e63fd92fcaad23f33c05b8abe0319b3de142256/luaparser-4.1.0-py3-none-any.whl", hash = "sha256:68fcf36f37dad00553a5996b970ab6d953125bc95e2ba9ba27875bac96225c84", size = 66859, upload-time = "2026-07-20T20:32:44.322Z" },
]

[[package]]
name = "multimethod"
version = "2.1"
source = { registry = "https://pypi.org/simple" }
sdist = { url = "https://files.pythonhosted.org/packages/cb/5c/556c53f25a75c7ec1b467a5871a22461615139dab72578166df7f8ad1104/multimethod-2.1.tar.gz", hash = "sha256:c59e75fbe51516ed632d3df4b56df0876747be001c068d3ee1e83e9f65c2846f", size = 16016, upload-time = "2026-07-29T00:31:35.523Z" }
wheels = [
    { url = "https://files.pythonhosted.org/packages/a7/9e/3538af4267d2e29d871e7a1ae390e8ff32122b3c560fe718569c4cd7624a/multimethod-2.1-py3-none-any.whl", hash = "sha256:54b5256562351762a275dd65571b5d6db750848f1eb6bb21c61cb5ff2748b663", size = 9529, upload-time = "2026-07-29T00:31:34.367Z" },
]

[[package]]
name = "packaging"
version = "26.3"
source = { registry = "https://pypi.org/simple" }
sdist = { url = "https://files.pythonhosted.org/packages/7d/fa/3944b40b07da9ce895c0e6303a5ab7d53da063554f534556b134a54d6093/packaging-26.3.tar.gz", hash = "sha256:94edc256424af38762eb31306eed28beb9f0efc50a8837492c9d6fd6004aed79", size = 313412, upload-time = "2026-08-04T18:15:28.737Z" }
wheels = [
    { url = "https://files.pythonhosted.org/packages/63/34/ba1c580383c9eada3711951fef0795c80b829a078d72188184bcab9dd527/packaging-26.3-py3-none-any.whl", hash = "sha256:d7193f7c8e4e93f444fde0262bf90af30e16fa0ad0ad44cb553c87339b23cd1c", size = 129956, upload-time = "2026-08-04T18:15:27.159Z" },
]

[[package]]
name = "pluggy"
version = "1.6.0"
source = { registry = "https://pypi.org/simple" }
sdist = { url = "https://files.pythonhosted.org/packages/f9/e2/3e91f31a7d2b083fe6ef3fa267035b518369d9511ffab804f839851d2779/pluggy-1.6.0.tar.gz", hash = "sha256:7dcc130b76258d33b90f61b658791dede3486c3e6bfb003ee5c9bfb396dd22f3", size = 69412, upload-time = "2025-05-15T12:30:07.975Z" }
wheels = [
    { url = "https://files.pythonhosted.org/packages/54/20/4d324d65cc6d9205fabedc306948156824eb9f0ee1633355a8f7ec5c66bf/pluggy-1.6.0-py3-none-any.whl", hash = "sha256:e920276dd6813095e9377c0bc5566d94c932c33b27a3e3945d8389c374dd4746", size = 20538, upload-time = "2025-05-15T12:30:06.134Z" },
]

[[package]]
name = "pycairo"
version = "1.29.1"
source = { registry = "https://pypi.org/simple" }
sdist = { url = "https://files.pythonhosted.org/packages/26/7c/ab4637b028d9ee12280ab9342f28310e613d5ca30c4d72d2aebeaa6a4969/pycairo-1.29.1.tar.gz", hash = "sha256:4fbd26b4af24c9787d84cf5448e34eb8dca064b732479aaecd03109520eebd5f", size = 666272, upload-time = "2026-08-07T08:45:50.095Z" }
wheels = [
    { url = "https://files.pythonhosted.org/packages/4d/83/d2dfb322cc3acc583aa6e8e601e7c320108804f3f3c677383f23a0de8624/pycairo-1.29.1-cp311-cp311-win32.whl", hash = "sha256:50da6e8eb1525f216e564b3e634b19ede5465080d4fa813416ed45a69b3f6605", size = 751309, upload-time = "2026-08-07T08:46:07.317Z" },
    { url = "https://files.pythonhosted.org/packages/34/e6/f09d1c0ca4a887aea020774c59adabc04b7e1d2f00287ef48473540001e5/pycairo-1.29.1-cp311-cp311-win_amd64.whl", hash = "sha256:73a364341ce6b382200d13cfdf814f8ea50a8a2e0f8280c2d2e7dfb3ba52edcf", size = 845463, upload-time = "2026-08-07T08:46:09.287Z" },
    { url = "https://files.pythonhosted.org/packages/69/a6/84415dce82c4865169847acc2de7895a1463956569383f17cb39e89f1287/pycairo-1.29.1-cp311-cp311-win_arm64.whl", hash = "sha256:59eb4a6d1101834a7ba2c7a8096fccd54eb8514d8189f896b4a8e24a19cfa1f0", size = 694560, upload-time = "2026-08-07T08:46:10.657Z" },
    { url = "https://files.pythonhosted.org/packages/72/f6/b6a2e016cf0df97b2cd094c228c9303af21d626993607d8ea750ea8b704b/pycairo-1.29.1-cp312-cp312-win32.whl", hash = "sha256:cf25a97a15bedd0cdabee5b18652de45eff70b4a7999416ed18dcee2144d17f5", size = 751363, upload-time = "2026-08-07T08:46:12.545Z" },
    { url = "https://files.pythonhosted.org/packages/69/7e/7be1346df5ab8cd7f748f2d17d25d61f34550cfd141f60e8319e9c70df87/pycairo-1.29.1-cp312-cp312-win_amd64.whl", hash = "sha256:839cd8c98e1933426d8959168b466901b398bf4867454451023b93d91030cca9", size = 846004, upload-time = "2026-08-07T08:46:14.067Z" },
    { url = "https://files.pythonhosted.org/packages/04/97/40966895bc12319ff3173cbb5d7876149a8e90e99bbf3b70e4af492c73a9/pycairo-1.29.1-cp312-cp312-win_arm64.whl", hash = "sha256:7cb6279cf0a7951ae9aaa21c6a0adff0fce62c0a68797b6a26a54f9a0859ad4d", size = 694560, upload-time = "2026-08-07T08:46:15.839Z" },
    { url = "https://files.pythonhosted.org/packages/95/7d/26191cac03e8c0d957856839736ee9fb45c6d4ae68c30393895558f1f7ad/pycairo-1.29.1-cp313-cp313-win32.whl", hash = "sha256:4506a15f0dcd9d65b2706f417f8e5633e1456867d5cf272dc69c0b48e2302842", size = 750753, upload-time = "2026-08-07T08:46:17.523Z" },
    { url = "https://files.pythonhosted.org/packages/81/ba/3499ae0f6f8be6d55ef5db620a60693b4ef925b710890bf66c17aeff036e/pycairo-1.29.1-cp313-cp313-win_amd64.whl", hash = "sha256:859f5f29d7c30fc28dbc5ce91eb30a45e0b7e447a7bd738c231dd7f9be368d1a", size = 844528, upload-time = "2026-08-07T08:46:19.1Z" },
    { url = "https://files.pythonhosted.org/packages/91/c1/f83f25aab64418d4de6527cbf951988fc9449020e416113e3a7a4ad7e7b8/pycairo-1.29.1-cp313-cp313-win_arm64.whl", hash = "sha256:0c6159117680798da1457404b648e69b0a0eb23597b22f8a97315eaeea19f917", size = 693588, upload-time = "2026-08-07T08:46:21.087Z" },
    { url = "https://files.pythonhosted.org/packages/9d/ef/87408894ebef901c2accde14dcacfbdbd9bc9abe617039ee6ff382847b75/pycairo-1.29.1-cp314-cp314-win32.whl", hash = "sha256:7222587a4ae1674287c17d10d1c42c4219914f7ef64cac4b2fb995df4f7918cb", size = 767089, upload-time = "2026-08-07T08:46:25.92Z" },
    { url = "https://files.pythonhosted.org/packages/1d/13/aef0ea29661a2fa0cadb3cbb470b514d439efe763cafc956c8b740ad1480/pycairo-1.29.1-cp314-cp314-win_amd64.whl", hash = "sha256:f635a60b7525661b562061e4b1635670b804d1efc9c7f40796c2fa14b24c3ddf", size = 872072, upload-time = "2026-08-07T08:46:27.605Z" },
    { url = "https://files.pythonhosted.org/packages/68/95/fc823a255ed1967ec5bda7243247a2fb484faf868c0cd1ffd1425ae515e8/pycairo-1.29.1-cp314-cp314-win_arm64.whl", hash = "sha256:b5db545cc8e59fe9bb68039db86c5ebcf9d1e6417695d0d2cb5530e67d925af9", size = 719612, upload-time = "2026-08-07T08:46:29.127Z" },
    { url = "https://files.pythonhosted.org/packages/ef/25/4cd521dd9e0f280930717bb93499c50008a6f14b312649d34a54dbd1df71/pycairo-1.29.1-cp314-cp314t-win_amd64.whl", hash = "sha256:3836feabfaf35ef9c502234c5924f3b2db935b6c55d8850ed190b3a58ab3b4ca", size = 874492, upload-time = "2026-08-07T08:46:22.695Z" },
    { url = "https://files.pythonhosted.org/packages/c2/ee/006df2caa60f2df242b9baf13ab95d4575b47acabc54f3ab6d757d3a9691/pycairo-1.29.1-cp314-cp314t-win_arm64.whl", hash = "sha256:85127fb834a8a37a550fa5c684a4c49fc546b465a64ac8df94d7728914a56279", size = 721461, upload-time = "2026-08-07T08:46:24.104Z" },
    { url = "https://files.pythonhosted.org/packages/ce/ec/4466cce6363c07759d04f9481f81d84a6dc506b735e795c193eb63e4f9ef/pycairo-1.29.1-cp315-cp315-win_amd64.whl", hash = "sha256:5c51bd98d2190841389845deae8243479393c1f2d9423de85e9fb4c95afebc10", size = 872007, upload-time = "2026-08-07T08:46:34.392Z" },
    { url = "https://files.pythonhosted.org/packages/92/03/214ee759a86bd821e306c2071aef0de9c201020e7690f9cf165fa2d61d42/pycairo-1.29.1-cp315-cp315-win_arm64.whl", hash = "sha256:e923875c96cfe935d632de50aeebf49db7dffdd23f9042587c3f34af7596868e", size = 719602, upload-time = "2026-08-07T08:46:35.802Z" },
    { url = "https://files.pythonhosted.org/packages/14/df/b163de08eb5307eacda6ee98001a4b920df8432d49f1da9b8d1c8d0342f5/pycairo-1.29.1-cp315-cp315t-win_amd64.whl", hash = "sha256:12515e71e2f17db8c40911ff089c23c465f92ddbabb89cd01304f275030c80ec", size = 874517, upload-time = "2026-08-07T08:46:30.779Z" },
    { url = "https://files.pythonhosted.org/packages/ab/04/81a13cde3c6685186fd79770d619c9b861d51de7450975618a85e8676772/pycairo-1.29.1-cp315-cp315t-win_arm64.whl", hash = "sha256:e5dde8dc08d92ad6935d1a45ff6ea71ea6d5739ed08dbf8677313935f94d5c6d", size = 721459, upload-time = "2026-08-07T08:46:32.19Z" },
]

[[package]]
name = "pygments"
version = "2.20.0"
source = { registry = "https://pypi.org/simple" }
sdist = { url = "https://files.pythonhosted.org/packages/c3/b2/bc9c9196916376152d655522fdcebac55e66de6603a76a02bca1b6414f6c/pygments-2.20.0.tar.gz", hash = "sha256:6757cd03768053ff99f3039c1a36d6c0aa0b263438fcab17520b30a303a82b5f", size = 4955991, upload-time = "2026-03-29T13:29:33.898Z" }
wheels = [
    { url = "https://files.pythonhosted.org/packages/f4/7e/a72dd26f3b0f4f2bf1dd8923c85f7ceb43172af56d63c7383eb62b332364/pygments-2.20.0-py3-none-any.whl", hash = "sha256:81a9e26dd42fd28a23a2d169d86d7ac03b46e2f8b59ed4698fb4785f946d0176", size = 1231151, upload-time = "2026-03-29T13:29:30.038Z" },
]

[[package]]
name = "pygobject"
version = "3.56.3"
source = { registry = "https://pypi.org/simple" }
dependencies = [
    { name = "pycairo" },
]
sdist = { url = "https://files.pythonhosted.org/packages/da/61/978c5fbca34f10a90df362502fbb5a005637909e7b5a0e9212349ea9d010/pygobject-3.56.3.tar.gz", hash = "sha256:12760e4a0e3d04b6eb95e06f7a27e362c826d567ea613373a92c003b6c70d2d6", size = 1411853, upload-time = "2026-05-08T20:46:39.904Z" }

[[package]]
name = "pytest"
version = "9.1.1"
source = { registry = "https://pypi.org/simple" }
dependencies = [
    { name = "colorama", marker = "sys_platform == 'win32'" },
    { name = "iniconfig" },
    { name = "packaging" },
    { name = "pluggy" },
    { name = "pygments" },
]
sdist = { url = "https://files.pythonhosted.org/packages/e4/47/b9efed96c114afcfa3c9d3fe98a76a1d14c74a9e266d397cf6eb64be5e01/pytest-9.1.1.tar.gz", hash = "sha256:1088fbde8f2b49d95a549a195707afa7a76a3ce9bcadc26b6d71f0ffda5fe313", size = 1636369, upload-time = "2026-06-19T10:58:32.857Z" }
wheels = [
    { url = "https://files.pythonhosted.org/packages/24/25/1de2678b631f5a49215c6c96fff41ba892b0a34df68d6d80292b1b48aa7f/pytest-9.1.1-py3-none-any.whl", hash = "sha256:37a86b45efb9a47a61a36449063e8e18d0cab3161329fc099eb21783169c4f0c", size = 386536, upload-time = "2026-06-19T10:58:31.347Z" },
]
